// !$*UTF8*$!
{
	archiveVersion = 1;
	classes = {
	};
	objectVersion = 56;
	objects = {

/* Begin PBXBuildFile section */
		26685A822C89B257006E742C /* KyawsUberApp.swift in Sources */ = {isa = PBXBuildFile; fileRef = 26685A812C89B257006E742C /* KyawsUberApp.swift */; };
		26685A862C89B258006E742C /* Assets.xcassets in Resources */ = {isa = PBXBuildFile; fileRef = 26685A852C89B258006E742C /* Assets.xcassets */; };
		26685A892C89B258006E742C /* Preview Assets.xcassets in Resources */ = {isa = PBXBuildFile; fileRef = 26685A882C89B258006E742C /* Preview Assets.xcassets */; };
		26685A902C89B2AB006E742C /* Contents.json in Resources */ = {isa = PBXBuildFile; fileRef = 26685A8F2C89B2AB006E742C /* Contents.json */; };
		26685A9A2C9B9B5D006E742C /* HomeView.swift in Sources */ = {isa = PBXBuildFile; fileRef = 26685A992C9B9B5D006E742C /* HomeView.swift */; };
		26685A9C2C9B9BB1006E742C /* UberMapViewRepresentable.swift in Sources */ = {isa = PBXBuildFile; fileRef = 26685A9B2C9B9BB1006E742C /* UberMapViewRepresentable.swift */; };
		269999EF2CA84F370001FF41 /* LocationManager.swift in Sources */ = {isa = PBXBuildFile; fileRef = 269999EE2CA84F370001FF41 /* LocationManager.swift */; };
/* End PBXBuildFile section */

/* Begin PBXFileReference section */
		26685A7E2C89B257006E742C /* KyawsUber.app */ = {isa = PBXFileReference; explicitFileType = wrapper.application; includeInIndex = 0; path = KyawsUber.app; sourceTree = BUILT_PRODUCTS_DIR; };
		26685A812C89B257006E742C /* KyawsUberApp.swift */ = {isa = PBXFileReference; lastKnownFileType = sourcecode.swift; path = KyawsUberApp.swift; sourceTree = "<group>"; };
		26685A852C89B258006E742C /* Assets.xcassets */ = {isa = PBXFileReference; lastKnownFileType = folder.assetcatalog; path = Assets.xcassets; sourceTree = "<group>"; };
		26685A882C89B258006E742C /* Preview Assets.xcassets */ = {isa = PBXFileReference; lastKnownFileType = folder.assetcatalog; path = "Preview Assets.xcassets"; sourceTree = "<group>"; };
		26685A8F2C89B2AB006E742C /* Contents.json */ = {isa = PBXFileReference; fileEncoding = 4; lastKnownFileType = text.json; path = Contents.json; sourceTree = "<group>"; };
		26685A992C9B9B5D006E742C /* HomeView.swift */ = {isa = PBXFileReference; lastKnownFileType = sourcecode.swift; path = HomeView.swift; sourceTree = "<group>"; };
		26685A9B2C9B9BB1006E742C /* UberMapViewRepresentable.swift */ = {isa = PBXFileReference; lastKnownFileType = sourcecode.swift; path = UberMapViewRepresentable.swift; sourceTree = "<group>"; };
		269999EE2CA84F370001FF41 /* LocationManager.swift */ = {isa = PBXFileReference; lastKnownFileType = sourcecode.swift; path = LocationManager.swift; sourceTree = "<group>"; };
/* End PBXFileReference section */

/* Begin PBXFrameworksBuildPhase section */
		26685A7B2C89B257006E742C /* Frameworks */ = {
			isa = PBXFrameworksBuildPhase;
			buildActionMask = 2147483647;
			files = (
			);
			runOnlyForDeploymentPostprocessing = 0;
		};
/* End PBXFrameworksBuildPhase section */

/* Begin PBXGroup section */
		26685A752C89B257006E742C = {
			isa = PBXGroup;
			children = (
				26685A802C89B257006E742C /* KyawsUber */,
				26685A7F2C89B257006E742C /* Products */,
			);
			sourceTree = "<group>";
		};
		26685A7F2C89B257006E742C /* Products */ = {
			isa = PBXGroup;
			children = (
				26685A7E2C89B257006E742C /* KyawsUber.app */,
			);
			name = Products;
			sourceTree = "<group>";
		};
		26685A802C89B257006E742C /* KyawsUber */ = {
			isa = PBXGroup;
			children = (
				26685A962C9B9B29006E742C /* Models */,
				26685A952C9B9B23006E742C /* Managers */,
				26685A942C9B9B13006E742C /* Extensions */,
				26685A932C9B9B0D006E742C /* Core */,
				26685A922C9B9B04006E742C /* App */,
				26685A8F2C89B2AB006E742C /* Contents.json */,
				26685A852C89B258006E742C /* Assets.xcassets */,
				26685A872C89B258006E742C /* Preview Content */,
			);
			path = KyawsUber;
			sourceTree = "<group>";
		};
		26685A872C89B258006E742C /* Preview Content */ = {
			isa = PBXGroup;
			children = (
				26685A882C89B258006E742C /* Preview Assets.xcassets */,
			);
			path = "Preview Content";
			sourceTree = "<group>";
		};
		26685A922C9B9B04006E742C /* App */ = {
			isa = PBXGroup;
			children = (
				26685A812C89B257006E742C /* KyawsUberApp.swift */,
			);
			path = App;
			sourceTree = "<group>";
		};
		26685A932C9B9B0D006E742C /* Core */ = {
			isa = PBXGroup;
			children = (
				26685A982C9B9B51006E742C /* View */,
				26685A972C9B9B46006E742C /* ViewModels */,
			);
			path = Core;
			sourceTree = "<group>";
		};
		26685A942C9B9B13006E742C /* Extensions */ = {
			isa = PBXGroup;
			children = (
			);
			path = Extensions;
			sourceTree = "<group>";
		};
		26685A952C9B9B23006E742C /* Managers */ = {
			isa = PBXGroup;
			children = (
				269999EE2CA84F370001FF41 /* LocationManager.swift */,
			);
			path = Managers;
			sourceTree = "<group>";
		};
		26685A962C9B9B29006E742C /* Models */ = {
			isa = PBXGroup;
			children = (
			);
			path = Models;
			sourceTree = "<group>";
		};
		26685A972C9B9B46006E742C /* ViewModels */ = {
			isa = PBXGroup;
			children = (
			);
			path = ViewModels;
			sourceTree = "<group>";
		};
		26685A982C9B9B51006E742C /* View */ = {
			isa = PBXGroup;
			children = (
				26685A992C9B9B5D006E742C /* HomeView.swift */,
				26685A9B2C9B9BB1006E742C /* UberMapViewRepresentable.swift */,
			);
			path = View;
			sourceTree = "<group>";
		};
/* End PBXGroup section */

/* Begin PBXNativeTarget section */
		26685A7D2C89B257006E742C /* KyawsUber */ = {
			isa = PBXNativeTarget;
			buildConfigurationList = 26685A8C2C89B258006E742C /* Build configuration list for PBXNativeTarget "KyawsUber" */;
			buildPhases = (
				26685A7A2C89B257006E742C /* Sources */,
				26685A7B2C89B257006E742C /* Frameworks */,
				26685A7C2C89B257006E742C /* Resources */,
			);
			buildRules = (
			);
			dependencies = (
			);
			name = KyawsUber;
			productName = KyawsUber;
			productReference = 26685A7E2C89B257006E742C /* KyawsUber.app */;
			productType = "com.apple.product-type.application";
		};
/* End PBXNativeTarget section */

/* Begin PBXProject section */
		26685A762C89B257006E742C /* Project object */ = {
			isa = PBXProject;
			attributes = {
				BuildIndependentTargetsInParallel = 1;
				LastSwiftUpdateCheck = 1540;
				LastUpgradeCheck = 1540;
				TargetAttributes = {
					26685A7D2C89B257006E742C = {
						CreatedOnToolsVersion = 15.4;
					};
				};
			};
			buildConfigurationList = 26685A792C89B257006E742C /* Build configuration list for PBXProject "KyawsUber" */;
			compatibilityVersion = "Xcode 14.0";
			developmentRegion = en;
			hasScannedForEncodings = 0;
			knownRegions = (
				en,
				Base,
			);
			mainGroup = 26685A752C89B257006E742C;
			productRefGroup = 26685A7F2C89B257006E742C /* Products */;
			projectDirPath = "";
			projectRoot = "";
			targets = (
				26685A7D2C89B257006E742C /* KyawsUber */,
			);
		};
/* End PBXProject section */

/* Begin PBXResourcesBuildPhase section */
		26685A7C2C89B257006E742C /* Resources */ = {
			isa = PBXResourcesBuildPhase;
			buildActionMask = 2147483647;
			files = (
				26685A892C89B258006E742C /* Preview Assets.xcassets in Resources */,
				26685A862C89B258006E742C /* Assets.xcassets in Resources */,
				26685A902C89B2AB006E742C /* Contents.json in Resources */,
			);
			runOnlyForDeploymentPostprocessing = 0;
		};
/* End PBXResourcesBuildPhase section */

/* Begin PBXSourcesBuildPhase section */
		26685A7A2C89B257006E742C /* Sources */ = {
			isa = PBXSourcesBuildPhase;
			buildActionMask = 2147483647;
			files = (
				269999EF2CA84F370001FF41 /* LocationManager.swift in Sources */,
				26685A822C89B257006E742C /* KyawsUberApp.swift in Sources */,
				26685A9C2C9B9BB1006E742C /* UberMapViewRepresentable.swift in Sources */,
				26685A9A2C9B9B5D006E742C /* HomeView.swift in Sources */,
			);
			runOnlyForDeploymentPostprocessing = 0;
		};
/* End PBXSourcesBuildPhase section */

/* Begin XCBuildConfiguration section */
		26685A8A2C89B258006E742C /* Debug */ = {
			isa = XCBuildConfiguration;
			buildSettings = {
				ALWAYS_SEARCH_USER_PATHS = NO;
				ASSETCATALOG_COMPILER_GENERATE_SWIFT_ASSET_SYMBOL_EXTENSIONS = YES;
				CLANG_ANALYZER_NONNULL = YES;
				CLANG_ANALYZER_NUMBER_OBJECT_CONVERSION = YES_AGGRESSIVE;
				CLANG_CXX_LANGUAGE_STANDARD = "gnu++20";
				CLANG_ENABLE_MODULES = YES;
				CLANG_ENABLE_OBJC_ARC = YES;
				CLANG_ENABLE_OBJC_WEAK = YES;
				CLANG_WARN_BLOCK_CAPTURE_AUTORELEASING = YES;
				CLANG_WARN_BOOL_CONVERSION = YES;
				CLANG_WARN_COMMA = YES;
				CLANG_WARN_CONSTANT_CONVERSION = YES;
				CLANG_WARN_DEPRECATED_OBJC_IMPLEMENTATIONS = YES;
				CLANG_WARN_DIRECT_OBJC_ISA_USAGE = YES_ERROR;
				CLANG_WARN_DOCUMENTATION_COMMENTS = YES;
				CLANG_WARN_EMPTY_BODY = YES;
				CLANG_WARN_ENUM_CONVERSION = YES;
				CLANG_WARN_INFINITE_RECURSION = YES;
				CLANG_WARN_INT_CONVERSION = YES;
				CLANG_WARN_NON_LITERAL_NULL_CONVERSION = YES;
				CLANG_WARN_OBJC_IMPLICIT_RETAIN_SELF = YES;
				CLANG_WARN_OBJC_LITERAL_CONVERSION = YES;
				CLANG_WARN_OBJC_ROOT_CLASS = YES_ERROR;
				CLANG_WARN_QUOTED_INCLUDE_IN_FRAMEWORK_HEADER = YES;
				CLANG_WARN_RANGE_LOOP_ANALYSIS = YES;
				CLANG_WARN_STRICT_PROTOTYPES = YES;
				CLANG_WARN_SUSPICIOUS_MOVE = YES;
				CLANG_WARN_UNGUARDED_AVAILABILITY = YES_AGGRESSIVE;
				CLANG_WARN_UNREACHABLE_CODE = YES;
				CLANG_WARN__DUPLICATE_METHOD_MATCH = YES;
				COPY_PHASE_STRIP = NO;
				DEBUG_INFORMATION_FORMAT = dwarf;
				ENABLE_STRICT_OBJC_MSGSEND = YES;
				ENABLE_TESTABILITY = YES;
				ENABLE_USER_SCRIPT_SANDBOXING = YES;
				GCC_C_LANGUAGE_STANDARD = gnu17;
				GCC_DYNAMIC_NO_PIC = NO;
				GCC_NO_COMMON_BLOCKS = YES;
				GCC_OPTIMIZATION_LEVEL = 0;
				GCC_PREPROCESSOR_DEFINITIONS = (
					"DEBUG=1",
					"$(inherited)",
				);
				GCC_WARN_64_TO_32_BIT_CONVERSION = YES;
				GCC_WARN_ABOUT_RETURN_TYPE = YES_ERROR;
				GCC_WARN_UNDECLARED_SELECTOR = YES;
				GCC_WARN_UNINITIALIZED_AUTOS = YES_AGGRESSIVE;
				GCC_WARN_UNUSED_FUNCTION = YES;
				GCC_WARN_UNUSED_VARIABLE = YES;
				IPHONEOS_DEPLOYMENT_TARGET = 17.5;
				LOCALIZATION_PREFERS_STRING_CATALOGS = YES;
				MTL_ENABLE_DEBUG_INFO = INCLUDE_SOURCE;
				MTL_FAST_MATH = YES;
				ONLY_ACTIVE_ARCH = YES;
				SDKROOT = iphoneos;
				SWIFT_ACTIVE_COMPILATION_CONDITIONS = "DEBUG $(inherited)";
				SWIFT_OPTIMIZATION_LEVEL = "-Onone";
			};
			name = Debug;
		};
		26685A8B2C89B258006E742C /* Release */ = {
			isa = XCBuildConfiguration;
			buildSettings = {
				ALWAYS_SEARCH_USER_PATHS = NO;
				ASSETCATALOG_COMPILER_GENERATE_SWIFT_ASSET_SYMBOL_EXTENSIONS = YES;
				CLANG_ANALYZER_NONNULL = YES;
				CLANG_ANALYZER_NUMBER_OBJECT_CONVERSION = YES_AGGRESSIVE;
				CLANG_CXX_LANGUAGE_STANDARD = "gnu++20";
				CLANG_ENABLE_MODULES = YES;
				CLANG_ENABLE_OBJC_ARC = YES;
				CLANG_ENABLE_OBJC_WEAK = YES;
				CLANG_WARN_BLOCK_CAPTURE_AUTORELEASING = YES;
				CLANG_WARN_BOOL_CONVERSION = YES;
				CLANG_WARN_COMMA = YES;
				CLANG_WARN_CONSTANT_CONVERSION = YES;
				CLANG_WARN_DEPRECATED_OBJC_IMPLEMENTATIONS = YES;
				CLANG_WARN_DIRECT_OBJC_ISA_USAGE = YES_ERROR;
				CLANG_WARN_DOCUMENTATION_COMMENTS = YES;
				CLANG_WARN_EMPTY_BODY = YES;
				CLANG_WARN_ENUM_CONVERSION = YES;
				CLANG_WARN_INFINITE_RECURSION = YES;
				CLANG_WARN_INT_CONVERSION = YES;
				CLANG_WARN_NON_LITERAL_NULL_CONVERSION = YES;
				CLANG_WARN_OBJC_IMPLICIT_RETAIN_SELF = YES;
				CLANG_WARN_OBJC_LITERAL_CONVERSION = YES;
				CLANG_WARN_OBJC_ROOT_CLASS = YES_ERROR;
				CLANG_WARN_QUOTED_INCLUDE_IN_FRAMEWORK_HEADER = YES;
				CLANG_WARN_RANGE_LOOP_ANALYSIS = YES;
				CLANG_WARN_STRICT_PROTOTYPES = YES;
				CLANG_WARN_SUSPICIOUS_MOVE = YES;
				CLANG_WARN_UNGUARDED_AVAILABILITY = YES_AGGRESSIVE;
				CLANG_WARN_UNREACHABLE_CODE = YES;
				CLANG_WARN__DUPLICATE_METHOD_MATCH = YES;
				COPY_PHASE_STRIP = NO;
				DEBUG_INFORMATION_FORMAT = "dwarf-with-dsym";
				ENABLE_NS_ASSERTIONS = NO;
				ENABLE_STRICT_OBJC_MSGSEND = YES;
				ENABLE_USER_SCRIPT_SANDBOXING = YES;
				GCC_C_LANGUAGE_STANDARD = gnu17;
				GCC_NO_COMMON_BLOCKS = YES;
				GCC_WARN_64_TO_32_BIT_CONVERSION = YES;
				GCC_WARN_ABOUT_RETURN_TYPE = YES_ERROR;
				GCC_WARN_UNDECLARED_SELECTOR = YES;
				GCC_WARN_UNINITIALIZED_AUTOS = YES_AGGRESSIVE;
				GCC_WARN_UNUSED_FUNCTION = YES;
				GCC_WARN_UNUSED_VARIABLE = YES;
				IPHONEOS_DEPLOYMENT_TARGET = 17.5;
				LOCALIZATION_PREFERS_STRING_CATALOGS = YES;
				MTL_ENABLE_DEBUG_INFO = NO;
				MTL_FAST_MATH = YES;
				SDKROOT = iphoneos;
				SWIFT_COMPILATION_MODE = wholemodule;
				VALIDATE_PRODUCT = YES;
			};
			name = Release;
		};
		26685A8D2C89B258006E742C /* Debug */ = {
			isa = XCBuildConfiguration;
			buildSettings = {
				ASSETCATALOG_COMPILER_APPICON_NAME = AppIcon;
				ASSETCATALOG_COMPILER_GLOBAL_ACCENT_COLOR_NAME = AccentColor;
				CODE_SIGN_STYLE = Automatic;
				CURRENT_PROJECT_VERSION = 1;
				DEVELOPMENT_ASSET_PATHS = "\"KyawsUber/Preview Content\"";
				DEVELOPMENT_TEAM = VXYVW9N9WJ;
				ENABLE_PREVIEWS = YES;
				GENERATE_INFOPLIST_FILE = YES;
				INFOPLIST_KEY_NSLocationWhenInUseUsageDescription = "Please allow us to gain access your location to find nearby drivers for you.";
				INFOPLIST_KEY_UIApplicationSceneManifest_Generation = YES;
				INFOPLIST_KEY_UIApplicationSupportsIndirectInputEvents = YES;
				INFOPLIST_KEY_UILaunchScreen_Generation = YES;
				INFOPLIST_KEY_UISupportedInterfaceOrientations_iPad = "UIInterfaceOrientationPortrait UIInterfaceOrientationPortraitUpsideDown UIInterfaceOrientationLandscapeLeft UIInterfaceOrientationLandscapeRight";
				INFOPLIST_KEY_UISupportedInterfaceOrientations_iPhone = "UIInterfaceOrientationPortrait UIInterfaceOrientationLandscapeLeft UIInterfaceOrientationLandscapeRight";
				LD_RUNPATH_SEARCH_PATHS = (
					"$(inherited)",
					"@executable_path/Frameworks",
				);
				MARKETING_VERSION = 1.0;
				PRODUCT_BUNDLE_IDENTIFIER = com.ktzggyapps.KyawsUber;
				PRODUCT_NAME = "$(TARGET_NAME)";
				SWIFT_EMIT_LOC_STRINGS = YES;
				SWIFT_VERSION = 5.0;
				TARGETED_DEVICE_FAMILY = "1,2";
			};
			name = Debug;
		};
		26685A8E2C89B258006E742C /* Release */ = {
			isa = XCBuildConfiguration;
			buildSettings = {
				ASSETCATALOG_COMPILER_APPICON_NAME = AppIcon;
				ASSETCATALOG_COMPILER_GLOBAL_ACCENT_COLOR_NAME = AccentColor;
				CODE_SIGN_STYLE = Automatic;
				CURRENT_PROJECT_VERSION = 1;
				DEVELOPMENT_ASSET_PATHS = "\"KyawsUber/Preview Content\"";
				DEVELOPMENT_TEAM = VXYVW9N9WJ;
				ENABLE_PREVIEWS = YES;
				GENERATE_INFOPLIST_FILE = YES;
				INFOPLIST_KEY_NSLocationWhenInUseUsageDescription = "Please allow us to gain access your location to find nearby drivers for you.";
				INFOPLIST_KEY_UIApplicationSceneManifest_Generation = YES;
				INFOPLIST_KEY_UIApplicationSupportsIndirectInputEvents = YES;
				INFOPLIST_KEY_UILaunchScreen_Generation = YES;
				INFOPLIST_KEY_UISupportedInterfaceOrientations_iPad = "UIInterfaceOrientationPortrait UIInterfaceOrientationPortraitUpsideDown UIInterfaceOrientationLandscapeLeft UIInterfaceOrientationLandscapeRight";
				INFOPLIST_KEY_UISupportedInterfaceOrientations_iPhone = "UIInterfaceOrientationPortrait UIInterfaceOrientationLandscapeLeft UIInterfaceOrientationLandscapeRight";
				LD_RUNPATH_SEARCH_PATHS = (
					"$(inherited)",
					"@executable_path/Frameworks",
				);
				MARKETING_VERSION = 1.0;
				PRODUCT_BUNDLE_IDENTIFIER = com.ktzggyapps.KyawsUber;
				PRODUCT_NAME = "$(TARGET_NAME)";
				SWIFT_EMIT_LOC_STRINGS = YES;
				SWIFT_VERSION = 5.0;
				TARGETED_DEVICE_FAMILY = "1,2";
			};
			name = Release;
		};
/* End XCBuildConfiguration section */

/* Begin XCConfigurationList section */
		26685A792C89B257006E742C /* Build configuration list for PBXProject "KyawsUber" */ = {
			isa = XCConfigurationList;
			buildConfigurations = (
				26685A8A2C89B258006E742C /* Debug */,
				26685A8B2C89B258006E742C /* Release */,
			);
			defaultConfigurationIsVisible = 0;
			defaultConfigurationName = Release;
		};
		26685A8C2C89B258006E742C /* Build configuration list for PBXNativeTarget "KyawsUber" */ = {
			isa = XCConfigurationList;
			buildConfigurations = (
				26685A8D2C89B258006E742C /* Debug */,
				26685A8E2C89B258006E742C /* Release */,
			);
			defaultConfigurationIsVisible = 0;
			defaultConfigurationName = Release;
		};
/* End XCConfigurationList section */
	};
	rootObject = 26685A762C89B257006E742C /* Project object */;
}
